
Microsoft Visual Studio Solution File, Format Version 12.00
# Visual Studio 15
VisualStudioVersion = 15.0.27703.2035
MinimumVisualStudioVersion = 10.0.40219.1
Project("{8BC9CEB8-8B4A-11D0-8D11-00A0C91BC942}") = "PrivateAccessor", "PrivateAccessor\PrivateAccessor.vcxproj", "{9FA2D646-890D-461F-A27D-7DFAB5339C48}"
EndProject
Global
	GlobalSection(SolutionConfigurationPlatforms) = preSolution
		Debug|x64 = Debug|x64
		Debug|x86 = Debug|x86
		Release|x64 = Release|x64
		Release|x86 = Release|x86
	EndGlobalSection
	GlobalSection(ProjectConfigurationPlatforms) = postSolution
		{9FA2D646-890D-461F-A27D-7DFAB5339C48}.Debug|x64.ActiveCfg = Debug|x64
		{9FA2D646-890D-461F-A27D-7DFAB5339C48}.Debug|x64.Build.0 = Debug|x64
		{9FA2D646-890D-461F-A27D-7DFAB5339C48}.Debug|x86.ActiveCfg = Debug|Win32
		{9FA2D646-890D-461F-A27D-7DFAB5339C48}.Debug|x86.Build.0 = Debug|Win32
		{9FA2D646-890D-461F-A27D-7DFAB5339C48}.Release|x64.ActiveCfg = Release|x64
		{9FA2D646-890D-461F-A27D-7DFAB5339C48}.Release|x64.Build.0 = Release|x64
		{9FA2D646-890D-461F-A27D-7DFAB5339C48}.Release|x86.ActiveCfg = Release|Win32
		{9FA2D646-890D-461F-A27D-7DFAB5339C48}.Release|x86.Build.0 = Release|Win32
	EndGlobalSection
	GlobalSection(SolutionProperties) = preSolution
		HideSolutionNode = FALSE
	EndGlobalSection
	GlobalSection(ExtensibilityGlobals) = postSolution
		SolutionGuid = {F954D23D-FB37-4386-8A83-52D9E8129003}
	EndGlobalSection
EndGlobal
